
Microsoft Visual Studio Solution File, Format Version 12.00
# Visual Studio Version 17
VisualStudioVersion = 17.14.36623.8 d17.14
MinimumVisualStudioVersion = 10.0.40219.1
Project("{FAE04EC0-301F-11D3-BF4B-00C04F79EFBC}") = "ConsoleApp1", "ConsoleApp1\ConsoleApp1.csproj", "{D9BD38F6-F01E-4492-94C8-6399D7F69D05}"
EndProject
Global
	GlobalSection(SolutionConfigurationPlatforms) = preSolution
		Debug|Any CPU = Debug|Any CPU
		Release|Any CPU = Release|Any CPU
	EndGlobalSection
	GlobalSection(ProjectConfigurationPlatforms) = postSolution
		{D9BD38F6-F01E-4492-94C8-6399D7F69D05}.Debug|Any CPU.ActiveCfg = Debug|Any CPU
		{D9BD38F6-F01E-4492-94C8-6399D7F69D05}.Debug|Any CPU.Build.0 = Debug|Any CPU
		{D9BD38F6-F01E-4492-94C8-6399D7F69D05}.Release|Any CPU.ActiveCfg = Release|Any CPU
		{D9BD38F6-F01E-4492-94C8-6399D7F69D05}.Release|Any CPU.Build.0 = Release|Any CPU
	EndGlobalSection
	GlobalSection(SolutionProperties) = preSolution
		HideSolutionNode = FALSE
	EndGlobalSection
	GlobalSection(ExtensibilityGlobals) = postSolution
		SolutionGuid = {AF902056-2123-4840-94A1-C0A0E9693ED4}
	EndGlobalSection
EndGlobal
